
Microsoft Visual Studio Solution File, Format Version 12.00
# Visual Studio 15
VisualStudioVersion = 15.0.28307.779
MinimumVisualStudioVersion = 10.0.40219.1
Project("{FAE04EC0-301F-11D3-BF4B-00C04F79EFBC}") = "WindowsFormsApp1", "WindowsFormsApp1\WindowsFormsApp1.csproj", "{D6EAF10D-DAC1-43D1-B8AC-5ACF6076AE95}"
EndProject
Project("{2150E333-8FDC-42A3-9474-1A3956D46DE8}") = "Solution Items", "Solution Items", "{A6B1C7AA-1163-4D6F-934B-668884037F26}"
	ProjectSection(SolutionItems) = preProject
		WindowsFormsApp1\sorters.cs = WindowsFormsApp1\sorters.cs
	EndProjectSection
EndProject
Global
	GlobalSection(SolutionConfigurationPlatforms) = preSolution
		Debug|Any CPU = Debug|Any CPU
		Release|Any CPU = Release|Any CPU
	EndGlobalSection
	GlobalSection(ProjectConfigurationPlatforms) = postSolution
		{D6EAF10D-DAC1-43D1-B8AC-5ACF6076AE95}.Debug|Any CPU.ActiveCfg = Debug|Any CPU
		{D6EAF10D-DAC1-43D1-B8AC-5ACF6076AE95}.Debug|Any CPU.Build.0 = Debug|Any CPU
		{D6EAF10D-DAC1-43D1-B8AC-5ACF6076AE95}.Release|Any CPU.ActiveCfg = Release|Any CPU
		{D6EAF10D-DAC1-43D1-B8AC-5ACF6076AE95}.Release|Any CPU.Build.0 = Release|Any CPU
	EndGlobalSection
	GlobalSection(SolutionProperties) = preSolution
		HideSolutionNode = FALSE
	EndGlobalSection
	GlobalSection(ExtensibilityGlobals) = postSolution
		SolutionGuid = {B7646D64-6FC2-4B7D-98DF-87102F5A5DC0}
	EndGlobalSection
EndGlobal
